github.com/davecgh/go-spew v1.1.1 h1:vj9j/u1bqnvCEfJOwUhtlOARqs3+rkHYY13jYWTU97c=
github.com/kindsoldier/dsrpc v1.2.1 h1:sw1a3MAD83Do1Fu+Dh+AHArrwVMgZ/KTLUWWTkQ6vj8=
github.com/kindsoldier/dsrpc v1.2.1/go.mod h1:zYb5yYfE/18BYK+iCUNcpkZ4uArwUNNhwYkUK8xDHQk=
github.com/pmezard/go-difflib v1.0.0 h1:4DBwDE0NGyQoBHbLQYPwSUPoCMWR5BEzIk/f1lZbAQM=
github.com/stretchr/testify v1.8.2 h1:+h33VjcLVPDHtOdpUCuF+7gSuG3yGIftsP1YvFihtJ8=
gopkg.in/yaml.v3 v3.0.1 h1:fxVm/GzAzEWqLHuvctI91KS9hhNmmWOoWu0XTYJS7CA=
